
Microsoft Visual Studio Solution File, Format Version 12.00
# Visual Studio Version 16
VisualStudioVersion = 16.0.31501.217
MinimumVisualStudioVersion = 10.0.40219.1
Project("{FAE04EC0-301F-11D3-BF4B-00C04F79EFBC}") = "wiredbraincoffesurvey", "wiredbraincoffesurvey.csproj", "{AD8F22AE-9890-4890-857A-C7E4E5145EBA}"
EndProject
Global
	GlobalSection(SolutionConfigurationPlatforms) = preSolution
		Debug|Any CPU = Debug|Any CPU
		Release|Any CPU = Release|Any CPU
	EndGlobalSection
	GlobalSection(ProjectConfigurationPlatforms) = postSolution
		{AD8F22AE-9890-4890-857A-C7E4E5145EBA}.Debug|Any CPU.ActiveCfg = Debug|Any CPU
		{AD8F22AE-9890-4890-857A-C7E4E5145EBA}.Debug|Any CPU.Build.0 = Debug|Any CPU
		{AD8F22AE-9890-4890-857A-C7E4E5145EBA}.Release|Any CPU.ActiveCfg = Release|Any CPU
		{AD8F22AE-9890-4890-857A-C7E4E5145EBA}.Release|Any CPU.Build.0 = Release|Any CPU
	EndGlobalSection
	GlobalSection(SolutionProperties) = preSolution
		HideSolutionNode = FALSE
	EndGlobalSection
	GlobalSection(ExtensibilityGlobals) = postSolution
		SolutionGuid = {3385EF71-EC9A-4B0C-8A8F-FD6881B0025D}
	EndGlobalSection
EndGlobal
